
Microsoft Visual Studio Solution File, Format Version 12.00
# Visual Studio Version 17
VisualStudioVersion = 17.4.33205.214
MinimumVisualStudioVersion = 10.0.40219.1
Project("{2150E333-8FDC-42A3-9474-1A3956D46DE8}") = "Level0", "Level0", "{8F873E8D-93B8-47D4-A27A-F573CD0CBE9B}"
EndProject
Project("{2150E333-8FDC-42A3-9474-1A3956D46DE8}") = "Level1", "Level1", "{4F0CCCB5-75AF-4EA5-8C94-AC40F3680121}"
EndProject
Project("{2150E333-8FDC-42A3-9474-1A3956D46DE8}") = "Level9", "Level9", "{6F363182-580A-47A6-B270-8B40789852E4}"
EndProject
Project("{8BC9CEB8-8B4A-11D0-8D11-00A0C91BC942}") = "App", "App\App.vcxproj", "{65DDF9BB-B31E-4390-B12C-DA44DEFCC4E5}"
	ProjectSection(ProjectDependencies) = postProject
		{0DDA1BD9-C4B3-430C-BB4F-17A7BBCE57ED} = {0DDA1BD9-C4B3-430C-BB4F-17A7BBCE57ED}
		{43E95582-82FC-46C5-A7CA-7D887CD0432B} = {43E95582-82FC-46C5-A7CA-7D887CD0432B}
		{A4198B71-D72C-4C1A-9FA2-6A2A1290C0E7} = {A4198B71-D72C-4C1A-9FA2-6A2A1290C0E7}
		{FAA392AF-3AB5-4CC7-9F15-0B834EE52812} = {FAA392AF-3AB5-4CC7-9F15-0B834EE52812}
	EndProjectSection
EndProject
Project("{8BC9CEB8-8B4A-11D0-8D11-00A0C91BC942}") = "GameEngineBase", "GameEngineBase\GameEngineBase.vcxproj", "{43E95582-82FC-46C5-A7CA-7D887CD0432B}"
EndProject
Project("{8BC9CEB8-8B4A-11D0-8D11-00A0C91BC942}") = "GameEnginePlatform", "GameEnginePlatform\GameEnginePlatform.vcxproj", "{A4198B71-D72C-4C1A-9FA2-6A2A1290C0E7}"
	ProjectSection(ProjectDependencies) = postProject
		{43E95582-82FC-46C5-A7CA-7D887CD0432B} = {43E95582-82FC-46C5-A7CA-7D887CD0432B}
	EndProjectSection
EndProject
Project("{2150E333-8FDC-42A3-9474-1A3956D46DE8}") = "Level2", "Level2", "{0B88244A-8DC4-4418-8A01-09F5C8C902FD}"
EndProject
Project("{2150E333-8FDC-42A3-9474-1A3956D46DE8}") = "Level3", "Level3", "{D9FEE90B-1360-4784-8485-0D8CBC0F8F0F}"
EndProject
Project("{8BC9CEB8-8B4A-11D0-8D11-00A0C91BC942}") = "GameEngineCore", "GameEngineCore\GameEngineCore.vcxproj", "{FAA392AF-3AB5-4CC7-9F15-0B834EE52812}"
	ProjectSection(ProjectDependencies) = postProject
		{43E95582-82FC-46C5-A7CA-7D887CD0432B} = {43E95582-82FC-46C5-A7CA-7D887CD0432B}
		{A4198B71-D72C-4C1A-9FA2-6A2A1290C0E7} = {A4198B71-D72C-4C1A-9FA2-6A2A1290C0E7}
	EndProjectSection
EndProject
Project("{8BC9CEB8-8B4A-11D0-8D11-00A0C91BC942}") = "GameEngineContents", "GameEngineContents\GameEngineContents.vcxproj", "{0DDA1BD9-C4B3-430C-BB4F-17A7BBCE57ED}"
	ProjectSection(ProjectDependencies) = postProject
		{43E95582-82FC-46C5-A7CA-7D887CD0432B} = {43E95582-82FC-46C5-A7CA-7D887CD0432B}
		{A4198B71-D72C-4C1A-9FA2-6A2A1290C0E7} = {A4198B71-D72C-4C1A-9FA2-6A2A1290C0E7}
		{FAA392AF-3AB5-4CC7-9F15-0B834EE52812} = {FAA392AF-3AB5-4CC7-9F15-0B834EE52812}
	EndProjectSection
EndProject
Global
	GlobalSection(SolutionConfigurationPlatforms) = preSolution
		Debug|x64 = Debug|x64
		Debug|x86 = Debug|x86
		Release|x64 = Release|x64
		Release|x86 = Release|x86
	EndGlobalSection
	GlobalSection(ProjectConfigurationPlatforms) = postSolution
		{65DDF9BB-B31E-4390-B12C-DA44DEFCC4E5}.Debug|x64.ActiveCfg = Debug|x64
		{65DDF9BB-B31E-4390-B12C-DA44DEFCC4E5}.Debug|x64.Build.0 = Debug|x64
		{65DDF9BB-B31E-4390-B12C-DA44DEFCC4E5}.Debug|x86.ActiveCfg = Debug|Win32
		{65DDF9BB-B31E-4390-B12C-DA44DEFCC4E5}.Debug|x86.Build.0 = Debug|Win32
		{65DDF9BB-B31E-4390-B12C-DA44DEFCC4E5}.Release|x64.ActiveCfg = Release|x64
		{65DDF9BB-B31E-4390-B12C-DA44DEFCC4E5}.Release|x64.Build.0 = Release|x64
		{65DDF9BB-B31E-4390-B12C-DA44DEFCC4E5}.Release|x86.ActiveCfg = Release|Win32
		{65DDF9BB-B31E-4390-B12C-DA44DEFCC4E5}.Release|x86.Build.0 = Release|Win32
		{43E95582-82FC-46C5-A7CA-7D887CD0432B}.Debug|x64.ActiveCfg = Debug|x64
		{43E95582-82FC-46C5-A7CA-7D887CD0432B}.Debug|x64.Build.0 = Debug|x64
		{43E95582-82FC-46C5-A7CA-7D887CD0432B}.Debug|x86.ActiveCfg = Debug|Win32
		{43E95582-82FC-46C5-A7CA-7D887CD0432B}.Debug|x86.Build.0 = Debug|Win32
		{43E95582-82FC-46C5-A7CA-7D887CD0432B}.Release|x64.ActiveCfg = Release|x64
		{43E95582-82FC-46C5-A7CA-7D887CD0432B}.Release|x64.Build.0 = Release|x64
		{43E95582-82FC-46C5-A7CA-7D887CD0432B}.Release|x86.ActiveCfg = Release|Win32
		{43E95582-82FC-46C5-A7CA-7D887CD0432B}.Release|x86.Build.0 = Release|Win32
		{A4198B71-D72C-4C1A-9FA2-6A2A1290C0E7}.Debug|x64.ActiveCfg = Debug|x64
		{A4198B71-D72C-4C1A-9FA2-6A2A1290C0E7}.Debug|x64.Build.0 = Debug|x64
		{A4198B71-D72C-4C1A-9FA2-6A2A1290C0E7}.Debug|x86.ActiveCfg = Debug|Win32
		{A4198B71-D72C-4C1A-9FA2-6A2A1290C0E7}.Debug|x86.Build.0 = Debug|Win32
		{A4198B71-D72C-4C1A-9FA2-6A2A1290C0E7}.Release|x64.ActiveCfg = Release|x64
		{A4198B71-D72C-4C1A-9FA2-6A2A1290C0E7}.Release|x64.Build.0 = Release|x64
		{A4198B71-D72C-4C1A-9FA2-6A2A1290C0E7}.Release|x86.ActiveCfg = Release|Win32
		{A4198B71-D72C-4C1A-9FA2-6A2A1290C0E7}.Release|x86.Build.0 = Release|Win32
		{FAA392AF-3AB5-4CC7-9F15-0B834EE52812}.Debug|x64.ActiveCfg = Debug|x64
		{FAA392AF-3AB5-4CC7-9F15-0B834EE52812}.Debug|x64.Build.0 = Debug|x64
		{FAA392AF-3AB5-4CC7-9F15-0B834EE52812}.Debug|x86.ActiveCfg = Debug|Win32
		{FAA392AF-3AB5-4CC7-9F15-0B834EE52812}.Debug|x86.Build.0 = Debug|Win32
		{FAA392AF-3AB5-4CC7-9F15-0B834EE52812}.Release|x64.ActiveCfg = Release|x64
		{FAA392AF-3AB5-4CC7-9F15-0B834EE52812}.Release|x64.Build.0 = Release|x64
		{FAA392AF-3AB5-4CC7-9F15-0B834EE52812}.Release|x86.ActiveCfg = Release|Win32
		{FAA392AF-3AB5-4CC7-9F15-0B834EE52812}.Release|x86.Build.0 = Release|Win32
		{0DDA1BD9-C4B3-430C-BB4F-17A7BBCE57ED}.Debug|x64.ActiveCfg = Debug|x64
		{0DDA1BD9-C4B3-430C-BB4F-17A7BBCE57ED}.Debug|x64.Build.0 = Debug|x64
		{0DDA1BD9-C4B3-430C-BB4F-17A7BBCE57ED}.Debug|x86.ActiveCfg = Debug|Win32
		{0DDA1BD9-C4B3-430C-BB4F-17A7BBCE57ED}.Debug|x86.Build.0 = Debug|Win32
		{0DDA1BD9-C4B3-430C-BB4F-17A7BBCE57ED}.Release|x64.ActiveCfg = Release|x64
		{0DDA1BD9-C4B3-430C-BB4F-17A7BBCE57ED}.Release|x64.Build.0 = Release|x64
		{0DDA1BD9-C4B3-430C-BB4F-17A7BBCE57ED}.Release|x86.ActiveCfg = Release|Win32
		{0DDA1BD9-C4B3-430C-BB4F-17A7BBCE57ED}.Release|x86.Build.0 = Release|Win32
	EndGlobalSection
	GlobalSection(SolutionProperties) = preSolution
		HideSolutionNode = FALSE
	EndGlobalSection
	GlobalSection(NestedProjects) = preSolution
		{43E95582-82FC-46C5-A7CA-7D887CD0432B} = {8F873E8D-93B8-47D4-A27A-F573CD0CBE9B}
		{A4198B71-D72C-4C1A-9FA2-6A2A1290C0E7} = {4F0CCCB5-75AF-4EA5-8C94-AC40F3680121}
		{FAA392AF-3AB5-4CC7-9F15-0B834EE52812} = {0B88244A-8DC4-4418-8A01-09F5C8C902FD}
		{0DDA1BD9-C4B3-430C-BB4F-17A7BBCE57ED} = {D9FEE90B-1360-4784-8485-0D8CBC0F8F0F}
	EndGlobalSection
	GlobalSection(ExtensibilityGlobals) = postSolution
		SolutionGuid = {935E1673-4061-4EE0-BF5D-0D06744275EC}
	EndGlobalSection
EndGlobal
