<?xml version="1.0" encoding="utf-8"?>
<Project ToolsVersion="4.0" xmlns="http://schemas.microsoft.com/developer/msbuild/2003">
  <ItemGroup>
    <ClCompile Include="PreCompile.cpp" />
    <ClCompile Include="ContentsCore.cpp" />
    <ClCompile Include="Zero.cpp">
      <Filter>Object</Filter>
    </ClCompile>
    <ClCompile Include="LevelTitle.cpp">
      <Filter>Level</Filter>
    </ClCompile>
    <ClCompile Include="LevelJungle.cpp">
      <Filter>Level</Filter>
    </ClCompile>
    <ClCompile Include="LevelCharacterSelect.cpp">
      <Filter>Level</Filter>
    </ClCompile>
    <ClCompile Include="MapImageJungle.cpp">
      <Filter>Object\MapIamge</Filter>
    </ClCompile>
    <ClCompile Include="TitleImage.cpp">
      <Filter>Object\MapIamge</Filter>
    </ClCompile>
    <ClCompile Include="CharacterSelectImage.cpp">
      <Filter>Object\MapIamge</Filter>
    </ClCompile>
  </ItemGroup>
  <ItemGroup>
    <ClInclude Include="PreCompile.h" />
    <ClInclude Include="ContentsCore.h" />
    <ClInclude Include="ContentsEnum.h">
      <Filter>Global</Filter>
    </ClInclude>
    <ClInclude Include="Zero.h">
      <Filter>Object</Filter>
    </ClInclude>
    <ClInclude Include="LevelTitle.h">
      <Filter>Level</Filter>
    </ClInclude>
    <ClInclude Include="LevelJungle.h">
      <Filter>Level</Filter>
    </ClInclude>
    <ClInclude Include="LevelCharacterSelect.h">
      <Filter>Level</Filter>
    </ClInclude>
    <ClInclude Include="MapImageJungle.h">
      <Filter>Object\MapIamge</Filter>
    </ClInclude>
    <ClInclude Include="TitleImage.h">
      <Filter>Object\MapIamge</Filter>
    </ClInclude>
    <ClInclude Include="CharacterSelectImage.h">
      <Filter>Object\MapIamge</Filter>
    </ClInclude>
  </ItemGroup>
  <ItemGroup>
    <Filter Include="Level">
      <UniqueIdentifier>{c9a2e832-8d6b-49de-ac34-3e11f6f95c4b}</UniqueIdentifier>
    </Filter>
    <Filter Include="Object">
      <UniqueIdentifier>{5149ea30-97f1-47b8-922c-87826f277675}</UniqueIdentifier>
    </Filter>
    <Filter Include="Global">
      <UniqueIdentifier>{ca09bba4-fac2-48d7-bd82-8680ddecfb32}</UniqueIdentifier>
    </Filter>
    <Filter Include="Object\MapIamge">
      <UniqueIdentifier>{e09ac3f3-ca11-4652-919e-10a3d11d65c7}</UniqueIdentifier>
    </Filter>
  </ItemGroup>
</Project>